// !$*UTF8*$!
{
	archiveVersion = 1;
	classes = {
	};
	objectVersion = 46;
	objects = {

/* Begin PBXBuildFile section */
		FDA9C5E7183C737C0053362A /* Foundation.framework in Frameworks */ = {isa = PBXBuildFile; fileRef = FDA9C5E6183C737C0053362A /* Foundation.framework */; };
		FDA9C5E9183C737C0053362A /* CoreGraphics.framework in Frameworks */ = {isa = PBXBuildFile; fileRef = FDA9C5E8183C737C0053362A /* CoreGraphics.framework */; };
		FDA9C5EB183C737C0053362A /* UIKit.framework in Frameworks */ = {isa = PBXBuildFile; fileRef = FDA9C5EA183C737C0053362A /* UIKit.framework */; };
		FDA9C5F1183C737C0053362A /* InfoPlist.strings in Resources */ = {isa = PBXBuildFile; fileRef = FDA9C5EF183C737C0053362A /* InfoPlist.strings */; };
		FDA9C5F3183C737C0053362A /* main.m in Sources */ = {isa = PBXBuildFile; fileRef = FDA9C5F2183C737C0053362A /* main.m */; };
		FDA9C5F7183C737C0053362A /* SVAppDelegate.m in Sources */ = {isa = PBXBuildFile; fileRef = FDA9C5F6183C737C0053362A /* SVAppDelegate.m */; };
		FDA9C5FA183C737C0053362A /* Main.storyboard in Resources */ = {isa = PBXBuildFile; fileRef = FDA9C5F8183C737C0053362A /* Main.storyboard */; };
		FDA9C5FD183C737C0053362A /* SVViewController.m in Sources */ = {isa = PBXBuildFile; fileRef = FDA9C5FC183C737C0053362A /* SVViewController.m */; };
		FDA9C5FF183C737C0053362A /* Images.xcassets in Resources */ = {isa = PBXBuildFile; fileRef = FDA9C5FE183C737C0053362A /* Images.xcassets */; };
		FDA9C606183C737D0053362A /* XCTest.framework in Frameworks */ = {isa = PBXBuildFile; fileRef = FDA9C605183C737D0053362A /* XCTest.framework */; };
		FDA9C607183C737D0053362A /* Foundation.framework in Frameworks */ = {isa = PBXBuildFile; fileRef = FDA9C5E6183C737C0053362A /* Foundation.framework */; };
		FDA9C608183C737D0053362A /* UIKit.framework in Frameworks */ = {isa = PBXBuildFile; fileRef = FDA9C5EA183C737C0053362A /* UIKit.framework */; };
		FDA9C610183C737D0053362A /* InfoPlist.strings in Resources */ = {isa = PBXBuildFile; fileRef = FDA9C60E183C737D0053362A /* InfoPlist.strings */; };
		FDA9C612183C737D0053362A /* ScrollViewTestTests.m in Sources */ = {isa = PBXBuildFile; fileRef = FDA9C611183C737D0053362A /* ScrollViewTestTests.m */; };
/* End PBXBuildFile section */

/* Begin PBXContainerItemProxy section */
		FDA9C609183C737D0053362A /* PBXContainerItemProxy */ = {
			isa = PBXContainerItemProxy;
			containerPortal = FDA9C5DB183C737C0053362A /* Project object */;
			proxyType = 1;
			remoteGlobalIDString = FDA9C5E2183C737C0053362A;
			remoteInfo = ScrollViewTest;
		};
/* End PBXContainerItemProxy section */

/* Begin PBXFileReference section */
		FDA9C5E3183C737C0053362A /* ScrollViewTest.app */ = {isa = PBXFileReference; explicitFileType = wrapper.application; includeInIndex = 0; path = ScrollViewTest.app; sourceTree = BUILT_PRODUCTS_DIR; };
		FDA9C5E6183C737C0053362A /* Foundation.framework */ = {isa = PBXFileReference; lastKnownFileType = wrapper.framework; name = Foundation.framework; path = System/Library/Frameworks/Foundation.framework; sourceTree = SDKROOT; };
		FDA9C5E8183C737C0053362A /* CoreGraphics.framework */ = {isa = PBXFileReference; lastKnownFileType = wrapper.framework; name = CoreGraphics.framework; path = System/Library/Frameworks/CoreGraphics.framework; sourceTree = SDKROOT; };
		FDA9C5EA183C737C0053362A /* UIKit.framework */ = {isa = PBXFileReference; lastKnownFileType = wrapper.framework; name = UIKit.framework; path = System/Library/Frameworks/UIKit.framework; sourceTree = SDKROOT; };
		FDA9C5EE183C737C0053362A /* ScrollViewTest-Info.plist */ = {isa = PBXFileReference; lastKnownFileType = text.plist.xml; path = "ScrollViewTest-Info.plist"; sourceTree = "<group>"; };
		FDA9C5F0183C737C0053362A /* en */ = {isa = PBXFileReference; lastKnownFileType = text.plist.strings; name = en; path = en.lproj/InfoPlist.strings; sourceTree = "<group>"; };
		FDA9C5F2183C737C0053362A /* main.m */ = {isa = PBXFileReference; lastKnownFileType = sourcecode.c.objc; path = main.m; sourceTree = "<group>"; };
		FDA9C5F4183C737C0053362A /* ScrollViewTest-Prefix.pch */ = {isa = PBXFileReference; lastKnownFileType = sourcecode.c.h; path = "ScrollViewTest-Prefix.pch"; sourceTree = "<group>"; };
		FDA9C5F5183C737C0053362A /* SVAppDelegate.h */ = {isa = PBXFileReference; lastKnownFileType = sourcecode.c.h; path = SVAppDelegate.h; sourceTree = "<group>"; };
		FDA9C5F6183C737C0053362A /* SVAppDelegate.m */ = {isa = PBXFileReference; lastKnownFileType = sourcecode.c.objc; path = SVAppDelegate.m; sourceTree = "<group>"; };
		FDA9C5F9183C737C0053362A /* Base */ = {isa = PBXFileReference; lastKnownFileType = file.storyboard; name = Base; path = Base.lproj/Main.storyboard; sourceTree = "<group>"; };
		FDA9C5FB183C737C0053362A /* SVViewController.h */ = {isa = PBXFileReference; lastKnownFileType = sourcecode.c.h; path = SVViewController.h; sourceTree = "<group>"; };
		FDA9C5FC183C737C0053362A /* SVViewController.m */ = {isa = PBXFileReference; lastKnownFileType = sourcecode.c.objc; path = SVViewController.m; sourceTree = "<group>"; };
		FDA9C5FE183C737C0053362A /* Images.xcassets */ = {isa = PBXFileReference; lastKnownFileType = folder.assetcatalog; path = Images.xcassets; sourceTree = "<group>"; };
		FDA9C604183C737D0053362A /* ScrollViewTestTests.xctest */ = {isa = PBXFileReference; explicitFileType = wrapper.cfbundle; includeInIndex = 0; path = ScrollViewTestTests.xctest; sourceTree = BUILT_PRODUCTS_DIR; };
		FDA9C605183C737D0053362A /* XCTest.framework */ = {isa = PBXFileReference; lastKnownFileType = wrapper.framework; name = XCTest.framework; path = Library/Frameworks/XCTest.framework; sourceTree = DEVELOPER_DIR; };
		FDA9C60D183C737D0053362A /* ScrollViewTestTests-Info.plist */ = {isa = PBXFileReference; lastKnownFileType = text.plist.xml; path = "ScrollViewTestTests-Info.plist"; sourceTree = "<group>"; };
		FDA9C60F183C737D0053362A /* en */ = {isa = PBXFileReference; lastKnownFileType = text.plist.strings; name = en; path = en.lproj/InfoPlist.strings; sourceTree = "<group>"; };
		FDA9C611183C737D0053362A /* ScrollViewTestTests.m */ = {isa = PBXFileReference; lastKnownFileType = sourcecode.c.objc; path = ScrollViewTestTests.m; sourceTree = "<group>"; };
/* End PBXFileReference section */

/* Begin PBXFrameworksBuildPhase section */
		FDA9C5E0183C737C0053362A /* Frameworks */ = {
			isa = PBXFrameworksBuildPhase;
			buildActionMask = 2147483647;
			files = (
				FDA9C5E9183C737C0053362A /* CoreGraphics.framework in Frameworks */,
				FDA9C5EB183C737C0053362A /* UIKit.framework in Frameworks */,
				FDA9C5E7183C737C0053362A /* Foundation.framework in Frameworks */,
			);
			runOnlyForDeploymentPostprocessing = 0;
		};
		FDA9C601183C737D0053362A /* Frameworks */ = {
			isa = PBXFrameworksBuildPhase;
			buildActionMask = 2147483647;
			files = (
				FDA9C606183C737D0053362A /* XCTest.framework in Frameworks */,
				FDA9C608183C737D0053362A /* UIKit.framework in Frameworks */,
				FDA9C607183C737D0053362A /* Foundation.framework in Frameworks */,
			);
			runOnlyForDeploymentPostprocessing = 0;
		};
/* End PBXFrameworksBuildPhase section */

/* Begin PBXGroup section */
		FDA9C5DA183C737C0053362A = {
			isa = PBXGroup;
			children = (
				FDA9C5EC183C737C0053362A /* ScrollViewTest */,
				FDA9C60B183C737D0053362A /* ScrollViewTestTests */,
				FDA9C5E5183C737C0053362A /* Frameworks */,
				FDA9C5E4183C737C0053362A /* Products */,
			);
			sourceTree = "<group>";
		};
		FDA9C5E4183C737C0053362A /* Products */ = {
			isa = PBXGroup;
			children = (
				FDA9C5E3183C737C0053362A /* ScrollViewTest.app */,
				FDA9C604183C737D0053362A /* ScrollViewTestTests.xctest */,
			);
			name = Products;
			sourceTree = "<group>";
		};
		FDA9C5E5183C737C0053362A /* Frameworks */ = {
			isa = PBXGroup;
			children = (
				FDA9C5E6183C737C0053362A /* Foundation.framework */,
				FDA9C5E8183C737C0053362A /* CoreGraphics.framework */,
				FDA9C5EA183C737C0053362A /* UIKit.framework */,
				FDA9C605183C737D0053362A /* XCTest.framework */,
			);
			name = Frameworks;
			sourceTree = "<group>";
		};
		FDA9C5EC183C737C0053362A /* ScrollViewTest */ = {
			isa = PBXGroup;
			children = (
				FDA9C5F5183C737C0053362A /* SVAppDelegate.h */,
				FDA9C5F6183C737C0053362A /* SVAppDelegate.m */,
				FDA9C5F8183C737C0053362A /* Main.storyboard */,
				FDA9C5FB183C737C0053362A /* SVViewController.h */,
				FDA9C5FC183C737C0053362A /* SVViewController.m */,
				FDA9C5FE183C737C0053362A /* Images.xcassets */,
				FDA9C5ED183C737C0053362A /* Supporting Files */,
			);
			path = ScrollViewTest;
			sourceTree = "<group>";
		};
		FDA9C5ED183C737C0053362A /* Supporting Files */ = {
			isa = PBXGroup;
			children = (
				FDA9C5EE183C737C0053362A /* ScrollViewTest-Info.plist */,
				FDA9C5EF183C737C0053362A /* InfoPlist.strings */,
				FDA9C5F2183C737C0053362A /* main.m */,
				FDA9C5F4183C737C0053362A /* ScrollViewTest-Prefix.pch */,
			);
			name = "Supporting Files";
			sourceTree = "<group>";
		};
		FDA9C60B183C737D0053362A /* ScrollViewTestTests */ = {
			isa = PBXGroup;
			children = (
				FDA9C611183C737D0053362A /* ScrollViewTestTests.m */,
				FDA9C60C183C737D0053362A /* Supporting Files */,
			);
			path = ScrollViewTestTests;
			sourceTree = "<group>";
		};
		FDA9C60C183C737D0053362A /* Supporting Files */ = {
			isa = PBXGroup;
			children = (
				FDA9C60D183C737D0053362A /* ScrollViewTestTests-Info.plist */,
				FDA9C60E183C737D0053362A /* InfoPlist.strings */,
			);
			name = "Supporting Files";
			sourceTree = "<group>";
		};
/* End PBXGroup section */

/* Begin PBXNativeTarget section */
		FDA9C5E2183C737C0053362A /* ScrollViewTest */ = {
			isa = PBXNativeTarget;
			buildConfigurationList = FDA9C615183C737D0053362A /* Build configuration list for PBXNativeTarget "ScrollViewTest" */;
			buildPhases = (
				FDA9C5DF183C737C0053362A /* Sources */,
				FDA9C5E0183C737C0053362A /* Frameworks */,
				FDA9C5E1183C737C0053362A /* Resources */,
			);
			buildRules = (
			);
			dependencies = (
			);
			name = ScrollViewTest;
			productName = ScrollViewTest;
			productReference = FDA9C5E3183C737C0053362A /* ScrollViewTest.app */;
			productType = "com.apple.product-type.application";
		};
		FDA9C603183C737D0053362A /* ScrollViewTestTests */ = {
			isa = PBXNativeTarget;
			buildConfigurationList = FDA9C618183C737D0053362A /* Build configuration list for PBXNativeTarget "ScrollViewTestTests" */;
			buildPhases = (
				FDA9C600183C737D0053362A /* Sources */,
				FDA9C601183C737D0053362A /* Frameworks */,
				FDA9C602183C737D0053362A /* Resources */,
			);
			buildRules = (
			);
			dependencies = (
				FDA9C60A183C737D0053362A /* PBXTargetDependency */,
			);
			name = ScrollViewTestTests;
			productName = ScrollViewTestTests;
			productReference = FDA9C604183C737D0053362A /* ScrollViewTestTests.xctest */;
			productType = "com.apple.product-type.bundle.unit-test";
		};
/* End PBXNativeTarget section */

/* Begin PBXProject section */
		FDA9C5DB183C737C0053362A /* Project object */ = {
			isa = PBXProject;
			attributes = {
				CLASSPREFIX = SV;
				LastUpgradeCheck = 0500;
				ORGANIZATIONNAME = "Seth Kingsley";
				TargetAttributes = {
					FDA9C603183C737D0053362A = {
						TestTargetID = FDA9C5E2183C737C0053362A;
					};
				};
			};
			buildConfigurationList = FDA9C5DE183C737C0053362A /* Build configuration list for PBXProject "ScrollViewTest" */;
			compatibilityVersion = "Xcode 3.2";
			developmentRegion = English;
			hasScannedForEncodings = 0;
			knownRegions = (
				en,
				Base,
			);
			mainGroup = FDA9C5DA183C737C0053362A;
			productRefGroup = FDA9C5E4183C737C0053362A /* Products */;
			projectDirPath = "";
			projectRoot = "";
			targets = (
				FDA9C5E2183C737C0053362A /* ScrollViewTest */,
				FDA9C603183C737D0053362A /* ScrollViewTestTests */,
			);
		};
/* End PBXProject section */

/* Begin PBXResourcesBuildPhase section */
		FDA9C5E1183C737C0053362A /* Resources */ = {
			isa = PBXResourcesBuildPhase;
			buildActionMask = 2147483647;
			files = (
				FDA9C5FF183C737C0053362A /* Images.xcassets in Resources */,
				FDA9C5F1183C737C0053362A /* InfoPlist.strings in Resources */,
				FDA9C5FA183C737C0053362A /* Main.storyboard in Resources */,
			);
			runOnlyForDeploymentPostprocessing = 0;
		};
		FDA9C602183C737D0053362A /* Resources */ = {
			isa = PBXResourcesBuildPhase;
			buildActionMask = 2147483647;
			files = (
				FDA9C610183C737D0053362A /* InfoPlist.strings in Resources */,
			);
			runOnlyForDeploymentPostprocessing = 0;
		};
/* End PBXResourcesBuildPhase section */

/* Begin PBXSourcesBuildPhase section */
		FDA9C5DF183C737C0053362A /* Sources */ = {
			isa = PBXSourcesBuildPhase;
			buildActionMask = 2147483647;
			files = (
				FDA9C5FD183C737C0053362A /* SVViewController.m in Sources */,
				FDA9C5F3183C737C0053362A /* main.m in Sources */,
				FDA9C5F7183C737C0053362A /* SVAppDelegate.m in Sources */,
			);
			runOnlyForDeploymentPostprocessing = 0;
		};
		FDA9C600183C737D0053362A /* Sources */ = {
			isa = PBXSourcesBuildPhase;
			buildActionMask = 2147483647;
			files = (
				FDA9C612183C737D0053362A /* ScrollViewTestTests.m in Sources */,
			);
			runOnlyForDeploymentPostprocessing = 0;
		};
/* End PBXSourcesBuildPhase section */

/* Begin PBXTargetDependency section */
		FDA9C60A183C737D0053362A /* PBXTargetDependency */ = {
			isa = PBXTargetDependency;
			target = FDA9C5E2183C737C0053362A /* ScrollViewTest */;
			targetProxy = FDA9C609183C737D0053362A /* PBXContainerItemProxy */;
		};
/* End PBXTargetDependency section */

/* Begin PBXVariantGroup section */
		FDA9C5EF183C737C0053362A /* InfoPlist.strings */ = {
			isa = PBXVariantGroup;
			children = (
				FDA9C5F0183C737C0053362A /* en */,
			);
			name = InfoPlist.strings;
			sourceTree = "<group>";
		};
		FDA9C5F8183C737C0053362A /* Main.storyboard */ = {
			isa = PBXVariantGroup;
			children = (
				FDA9C5F9183C737C0053362A /* Base */,
			);
			name = Main.storyboard;
			sourceTree = "<group>";
		};
		FDA9C60E183C737D0053362A /* InfoPlist.strings */ = {
			isa = PBXVariantGroup;
			children = (
				FDA9C60F183C737D0053362A /* en */,
			);
			name = InfoPlist.strings;
			sourceTree = "<group>";
		};
/* End PBXVariantGroup section */

/* Begin XCBuildConfiguration section */
		FDA9C613183C737D0053362A /* Debug */ = {
			isa = XCBuildConfiguration;
			buildSettings = {
				ALWAYS_SEARCH_USER_PATHS = NO;
				ARCHS = "$(ARCHS_STANDARD_INCLUDING_64_BIT)";
				CLANG_CXX_LANGUAGE_STANDARD = "gnu++0x";
				CLANG_CXX_LIBRARY = "libc++";
				CLANG_ENABLE_MODULES = YES;
				CLANG_ENABLE_OBJC_ARC = YES;
				CLANG_WARN_BOOL_CONVERSION = YES;
				CLANG_WARN_CONSTANT_CONVERSION = YES;
				CLANG_WARN_DIRECT_OBJC_ISA_USAGE = YES_ERROR;
				CLANG_WARN_EMPTY_BODY = YES;
				CLANG_WARN_ENUM_CONVERSION = YES;
				CLANG_WARN_INT_CONVERSION = YES;
				CLANG_WARN_OBJC_ROOT_CLASS = YES_ERROR;
				CLANG_WARN__DUPLICATE_METHOD_MATCH = YES;
				"CODE_SIGN_IDENTITY[sdk=iphoneos*]" = "iPhone Developer";
				COPY_PHASE_STRIP = NO;
				GCC_C_LANGUAGE_STANDARD = gnu99;
				GCC_DYNAMIC_NO_PIC = NO;
				GCC_OPTIMIZATION_LEVEL = 0;
				GCC_PREPROCESSOR_DEFINITIONS = (
					"DEBUG=1",
					"$(inherited)",
				);
				GCC_SYMBOLS_PRIVATE_EXTERN = NO;
				GCC_WARN_64_TO_32_BIT_CONVERSION = YES;
				GCC_WARN_ABOUT_RETURN_TYPE = YES_ERROR;
				GCC_WARN_UNDECLARED_SELECTOR = YES;
				GCC_WARN_UNINITIALIZED_AUTOS = YES;
				GCC_WARN_UNUSED_FUNCTION = YES;
				GCC_WARN_UNUSED_VARIABLE = YES;
				IPHONEOS_DEPLOYMENT_TARGET = 7.0;
				ONLY_ACTIVE_ARCH = YES;
				SDKROOT = iphoneos;
			};
			name = Debug;
		};
		FDA9C614183C737D0053362A /* Release */ = {
			isa = XCBuildConfiguration;
			buildSettings = {
				ALWAYS_SEARCH_USER_PATHS = NO;
				ARCHS = "$(ARCHS_STANDARD_INCLUDING_64_BIT)";
				CLANG_CXX_LANGUAGE_STANDARD = "gnu++0x";
				CLANG_CXX_LIBRARY = "libc++";
				CLANG_ENABLE_MODULES = YES;
				CLANG_ENABLE_OBJC_ARC = YES;
				CLANG_WARN_BOOL_CONVERSION = YES;
				CLANG_WARN_CONSTANT_CONVERSION = YES;
				CLANG_WARN_DIRECT_OBJC_ISA_USAGE = YES_ERROR;
				CLANG_WARN_EMPTY_BODY = YES;
				CLANG_WARN_ENUM_CONVERSION = YES;
				CLANG_WARN_INT_CONVERSION = YES;
				CLANG_WARN_OBJC_ROOT_CLASS = YES_ERROR;
				CLANG_WARN__DUPLICATE_METHOD_MATCH = YES;
				"CODE_SIGN_IDENTITY[sdk=iphoneos*]" = "iPhone Developer";
				COPY_PHASE_STRIP = YES;
				ENABLE_NS_ASSERTIONS = NO;
				GCC_C_LANGUAGE_STANDARD = gnu99;
				GCC_WARN_64_TO_32_BIT_CONVERSION = YES;
				GCC_WARN_ABOUT_RETURN_TYPE = YES_ERROR;
				GCC_WARN_UNDECLARED_SELECTOR = YES;
				GCC_WARN_UNINITIALIZED_AUTOS = YES;
				GCC_WARN_UNUSED_FUNCTION = YES;
				GCC_WARN_UNUSED_VARIABLE = YES;
				IPHONEOS_DEPLOYMENT_TARGET = 7.0;
				SDKROOT = iphoneos;
				VALIDATE_PRODUCT = YES;
			};
			name = Release;
		};
		FDA9C616183C737D0053362A /* Debug */ = {
			isa = XCBuildConfiguration;
			buildSettings = {
				ASSETCATALOG_COMPILER_APPICON_NAME = AppIcon;
				ASSETCATALOG_COMPILER_LAUNCHIMAGE_NAME = LaunchImage;
				GCC_PRECOMPILE_PREFIX_HEADER = YES;
				GCC_PREFIX_HEADER = "ScrollViewTest/ScrollViewTest-Prefix.pch";
				INFOPLIST_FILE = "ScrollViewTest/ScrollViewTest-Info.plist";
				PRODUCT_NAME = "$(TARGET_NAME)";
				WRAPPER_EXTENSION = app;
			};
			name = Debug;
		};
		FDA9C617183C737D0053362A /* Release */ = {
			isa = XCBuildConfiguration;
			buildSettings = {
				ASSETCATALOG_COMPILER_APPICON_NAME = AppIcon;
				ASSETCATALOG_COMPILER_LAUNCHIMAGE_NAME = LaunchImage;
				GCC_PRECOMPILE_PREFIX_HEADER = YES;
				GCC_PREFIX_HEADER = "ScrollViewTest/ScrollViewTest-Prefix.pch";
				INFOPLIST_FILE = "ScrollViewTest/ScrollViewTest-Info.plist";
				PRODUCT_NAME = "$(TARGET_NAME)";
				WRAPPER_EXTENSION = app;
			};
			name = Release;
		};
		FDA9C619183C737D0053362A /* Debug */ = {
			isa = XCBuildConfiguration;
			buildSettings = {
				ARCHS = "$(ARCHS_STANDARD_INCLUDING_64_BIT)";
				BUNDLE_LOADER = "$(BUILT_PRODUCTS_DIR)/ScrollViewTest.app/ScrollViewTest";
				FRAMEWORK_SEARCH_PATHS = (
					"$(SDKROOT)/Developer/Library/Frameworks",
					"$(inherited)",
					"$(DEVELOPER_FRAMEWORKS_DIR)",
				);
				GCC_PRECOMPILE_PREFIX_HEADER = YES;
				GCC_PREFIX_HEADER = "ScrollViewTest/ScrollViewTest-Prefix.pch";
				GCC_PREPROCESSOR_DEFINITIONS = (
					"DEBUG=1",
					"$(inherited)",
				);
				INFOPLIST_FILE = "ScrollViewTestTests/ScrollViewTestTests-Info.plist";
				PRODUCT_NAME = "$(TARGET_NAME)";
				TEST_HOST = "$(BUNDLE_LOADER)";
				WRAPPER_EXTENSION = xctest;
			};
			name = Debug;
		};
		FDA9C61A183C737D0053362A /* Release */ = {
			isa = XCBuildConfiguration;
			buildSettings = {
				ARCHS = "$(ARCHS_STANDARD_INCLUDING_64_BIT)";
				BUNDLE_LOADER = "$(BUILT_PRODUCTS_DIR)/ScrollViewTest.app/ScrollViewTest";
				FRAMEWORK_SEARCH_PATHS = (
					"$(SDKROOT)/Developer/Library/Frameworks",
					"$(inherited)",
					"$(DEVELOPER_FRAMEWORKS_DIR)",
				);
				GCC_PRECOMPILE_PREFIX_HEADER = YES;
				GCC_PREFIX_HEADER = "ScrollViewTest/ScrollViewTest-Prefix.pch";
				INFOPLIST_FILE = "ScrollViewTestTests/ScrollViewTestTests-Info.plist";
				PRODUCT_NAME = "$(TARGET_NAME)";
				TEST_HOST = "$(BUNDLE_LOADER)";
				WRAPPER_EXTENSION = xctest;
			};
			name = Release;
		};
/* End XCBuildConfiguration section */

/* Begin XCConfigurationList section */
		FDA9C5DE183C737C0053362A /* Build configuration list for PBXProject "ScrollViewTest" */ = {
			isa = XCConfigurationList;
			buildConfigurations = (
				FDA9C613183C737D0053362A /* Debug */,
				FDA9C614183C737D0053362A /* Release */,
			);
			defaultConfigurationIsVisible = 0;
			defaultConfigurationName = Release;
		};
		FDA9C615183C737D0053362A /* Build configuration list for PBXNativeTarget "ScrollViewTest" */ = {
			isa = XCConfigurationList;
			buildConfigurations = (
				FDA9C616183C737D0053362A /* Debug */,
				FDA9C617183C737D0053362A /* Release */,
			);
			defaultConfigurationIsVisible = 0;
		};
		FDA9C618183C737D0053362A /* Build configuration list for PBXNativeTarget "ScrollViewTestTests" */ = {
			isa = XCConfigurationList;
			buildConfigurations = (
				FDA9C619183C737D0053362A /* Debug */,
				FDA9C61A183C737D0053362A /* Release */,
			);
			defaultConfigurationIsVisible = 0;
		};
/* End XCConfigurationList section */
	};
	rootObject = FDA9C5DB183C737C0053362A /* Project object */;
}
