// !$*UTF8*$!
{
	archiveVersion = 1;
	classes = {
	};
	objectVersion = 46;
	objects = {

/* Begin PBXBuildFile section */
		FDA9C5E7183C737C0053362A /* Foundation.framework in Frameworks */ = {isa = PBXBuildFile; fileRef = FDA9C5E6183C737C0053362A /* Foundation.framework */; };
		FDA9C5E9183C737C0053362A /* CoreGraphics.framework in Frameworks */ = {isa = PBXBuildFile; fileRef = FDA9C5E8183C737C0053362A /* CoreGraphics.framework */; };
		FDA9C5EB183C737C0053362A /* UIKit.framework in Frameworks */ = {isa = PBXBuildFile; fileRef = FDA9C5EA183C737C0053362A /* UIKit.framework */; };
		FDA9C5F1183C737C0053362A /* InfoPlist.strings in Resources */ = {isa = PBXBuildFile; fileRef = FDA9C5EF183C737C0053362A /* InfoPlist.strings */; };
		FDA9C5F3183C737C0053362A /* main.m in Sources */ = {isa = PBXBuildFile; fileRef = FDA9C5F2183C737C0053362A /* main.m */; };
		FDA9C5F7183C737C0053362A /* SVAppDelegate.m in Sources */ = {isa = PBXBuildFile; fileRef = FDA9C5F6183C737C0053362A /* SVAppDelegate.m */; };
		FDA9C5FD183C737C0053362A /* SVViewController.m in Sources */ = {isa = PBXBuildFile; fileRef = FDA9C5FC183C737C0053362A /* SVViewController.m */; };
		FDA9C5FF183C737C0053362A /* Images.xcassets in Resources */ = {isa = PBXBuildFile; fileRef = FDA9C5FE183C737C0053362A /* Images.xcassets */; };
		FDA9C61C183C74620053362A /* mt-fuji-view.jpg in Resources */ = {isa = PBXBuildFile; fileRef = FDA9C61B183C74620053362A /* mt-fuji-view.jpg */; };
		FDA9C61E183C7CEC0053362A /* MainWindow.xib in Resources */ = {isa = PBXBuildFile; fileRef = FDA9C61D183C7CEC0053362A /* MainWindow.xib */; };
		FDA9C620183C80B00053362A /* SVViewController.xib in Resources */ = {isa = PBXBuildFile; fileRef = FDA9C61F183C80B00053362A /* SVViewController.xib */; };
		FDA9C622183C83370053362A /* SVAutoViewController.xib in Resources */ = {isa = PBXBuildFile; fileRef = FDA9C621183C83370053362A /* SVAutoViewController.xib */; };
		FDA9C625183C83560053362A /* SVAutoViewController.m in Sources */ = {isa = PBXBuildFile; fileRef = FDA9C624183C83560053362A /* SVAutoViewController.m */; };
/* End PBXBuildFile section */

/* Begin PBXFileReference section */
		FDA9C5E3183C737C0053362A /* ScrollViewTest.app */ = {isa = PBXFileReference; explicitFileType = wrapper.application; includeInIndex = 0; path = ScrollViewTest.app; sourceTree = BUILT_PRODUCTS_DIR; };
		FDA9C5E6183C737C0053362A /* Foundation.framework */ = {isa = PBXFileReference; lastKnownFileType = wrapper.framework; name = Foundation.framework; path = System/Library/Frameworks/Foundation.framework; sourceTree = SDKROOT; };
		FDA9C5E8183C737C0053362A /* CoreGraphics.framework */ = {isa = PBXFileReference; lastKnownFileType = wrapper.framework; name = CoreGraphics.framework; path = System/Library/Frameworks/CoreGraphics.framework; sourceTree = SDKROOT; };
		FDA9C5EA183C737C0053362A /* UIKit.framework */ = {isa = PBXFileReference; lastKnownFileType = wrapper.framework; name = UIKit.framework; path = System/Library/Frameworks/UIKit.framework; sourceTree = SDKROOT; };
		FDA9C5F0183C737C0053362A /* en */ = {isa = PBXFileReference; lastKnownFileType = text.plist.strings; name = en; path = en.lproj/InfoPlist.strings; sourceTree = "<group>"; };
		FDA9C5F2183C737C0053362A /* main.m */ = {isa = PBXFileReference; lastKnownFileType = sourcecode.c.objc; path = main.m; sourceTree = "<group>"; };
		FDA9C5F4183C737C0053362A /* ScrollViewTest-Prefix.pch */ = {isa = PBXFileReference; lastKnownFileType = sourcecode.c.h; path = "ScrollViewTest-Prefix.pch"; sourceTree = "<group>"; };
		FDA9C5F5183C737C0053362A /* SVAppDelegate.h */ = {isa = PBXFileReference; lastKnownFileType = sourcecode.c.h; path = SVAppDelegate.h; sourceTree = "<group>"; };
		FDA9C5F6183C737C0053362A /* SVAppDelegate.m */ = {isa = PBXFileReference; lastKnownFileType = sourcecode.c.objc; path = SVAppDelegate.m; sourceTree = "<group>"; };
		FDA9C5FB183C737C0053362A /* SVViewController.h */ = {isa = PBXFileReference; lastKnownFileType = sourcecode.c.h; path = SVViewController.h; sourceTree = "<group>"; };
		FDA9C5FC183C737C0053362A /* SVViewController.m */ = {isa = PBXFileReference; lastKnownFileType = sourcecode.c.objc; path = SVViewController.m; sourceTree = "<group>"; };
		FDA9C5FE183C737C0053362A /* Images.xcassets */ = {isa = PBXFileReference; lastKnownFileType = folder.assetcatalog; path = Images.xcassets; sourceTree = "<group>"; };
		FDA9C61B183C74620053362A /* mt-fuji-view.jpg */ = {isa = PBXFileReference; lastKnownFileType = image.jpeg; path = "mt-fuji-view.jpg"; sourceTree = "<group>"; };
		FDA9C61D183C7CEC0053362A /* MainWindow.xib */ = {isa = PBXFileReference; fileEncoding = 4; lastKnownFileType = file.xib; path = MainWindow.xib; sourceTree = "<group>"; };
		FDA9C61F183C80B00053362A /* SVViewController.xib */ = {isa = PBXFileReference; fileEncoding = 4; lastKnownFileType = file.xib; path = SVViewController.xib; sourceTree = "<group>"; };
		FDA9C621183C83370053362A /* SVAutoViewController.xib */ = {isa = PBXFileReference; fileEncoding = 4; lastKnownFileType = file.xib; path = SVAutoViewController.xib; sourceTree = "<group>"; };
		FDA9C623183C83560053362A /* SVAutoViewController.h */ = {isa = PBXFileReference; fileEncoding = 4; lastKnownFileType = sourcecode.c.h; path = SVAutoViewController.h; sourceTree = "<group>"; };
		FDA9C624183C83560053362A /* SVAutoViewController.m */ = {isa = PBXFileReference; fileEncoding = 4; lastKnownFileType = sourcecode.c.objc; path = SVAutoViewController.m; sourceTree = "<group>"; };
/* End PBXFileReference section */

/* Begin PBXFrameworksBuildPhase section */
		FDA9C5E0183C737C0053362A /* Frameworks */ = {
			isa = PBXFrameworksBuildPhase;
			buildActionMask = 2147483647;
			files = (
				FDA9C5E9183C737C0053362A /* CoreGraphics.framework in Frameworks */,
				FDA9C5EB183C737C0053362A /* UIKit.framework in Frameworks */,
				FDA9C5E7183C737C0053362A /* Foundation.framework in Frameworks */,
			);
			runOnlyForDeploymentPostprocessing = 0;
		};
/* End PBXFrameworksBuildPhase section */

/* Begin PBXGroup section */
		FDA9C5DA183C737C0053362A = {
			isa = PBXGroup;
			children = (
				FDA9C5EC183C737C0053362A /* ScrollViewTest */,
				FDA9C5E5183C737C0053362A /* Frameworks */,
				FDA9C5E4183C737C0053362A /* Products */,
			);
			sourceTree = "<group>";
		};
		FDA9C5E4183C737C0053362A /* Products */ = {
			isa = PBXGroup;
			children = (
				FDA9C5E3183C737C0053362A /* ScrollViewTest.app */,
			);
			name = Products;
			sourceTree = "<group>";
		};
		FDA9C5E5183C737C0053362A /* Frameworks */ = {
			isa = PBXGroup;
			children = (
				FDA9C5E6183C737C0053362A /* Foundation.framework */,
				FDA9C5E8183C737C0053362A /* CoreGraphics.framework */,
				FDA9C5EA183C737C0053362A /* UIKit.framework */,
			);
			name = Frameworks;
			sourceTree = "<group>";
		};
		FDA9C5EC183C737C0053362A /* ScrollViewTest */ = {
			isa = PBXGroup;
			children = (
				FDA9C5F5183C737C0053362A /* SVAppDelegate.h */,
				FDA9C5F6183C737C0053362A /* SVAppDelegate.m */,
				FDA9C5FB183C737C0053362A /* SVViewController.h */,
				FDA9C5FC183C737C0053362A /* SVViewController.m */,
				FDA9C623183C83560053362A /* SVAutoViewController.h */,
				FDA9C624183C83560053362A /* SVAutoViewController.m */,
				FDA9C61D183C7CEC0053362A /* MainWindow.xib */,
				FDA9C61F183C80B00053362A /* SVViewController.xib */,
				FDA9C621183C83370053362A /* SVAutoViewController.xib */,
				FDA9C61B183C74620053362A /* mt-fuji-view.jpg */,
				FDA9C5FE183C737C0053362A /* Images.xcassets */,
				FDA9C5ED183C737C0053362A /* Supporting Files */,
			);
			path = ScrollViewTest;
			sourceTree = "<group>";
		};
		FDA9C5ED183C737C0053362A /* Supporting Files */ = {
			isa = PBXGroup;
			children = (
				FDA9C5EF183C737C0053362A /* InfoPlist.strings */,
				FDA9C5F2183C737C0053362A /* main.m */,
				FDA9C5F4183C737C0053362A /* ScrollViewTest-Prefix.pch */,
			);
			name = "Supporting Files";
			sourceTree = "<group>";
		};
/* End PBXGroup section */

/* Begin PBXNativeTarget section */
		FDA9C5E2183C737C0053362A /* ScrollViewTest */ = {
			isa = PBXNativeTarget;
			buildConfigurationList = FDA9C615183C737D0053362A /* Build configuration list for PBXNativeTarget "ScrollViewTest" */;
			buildPhases = (
				FDA9C5DF183C737C0053362A /* Sources */,
				FDA9C5E0183C737C0053362A /* Frameworks */,
				FDA9C5E1183C737C0053362A /* Resources */,
			);
			buildRules = (
			);
			dependencies = (
			);
			name = ScrollViewTest;
			productName = ScrollViewTest;
			productReference = FDA9C5E3183C737C0053362A /* ScrollViewTest.app */;
			productType = "com.apple.product-type.application";
		};
/* End PBXNativeTarget section */

/* Begin PBXProject section */
		FDA9C5DB183C737C0053362A /* Project object */ = {
			isa = PBXProject;
			attributes = {
				CLASSPREFIX = SV;
				LastUpgradeCheck = 0500;
				ORGANIZATIONNAME = "Seth Kingsley";
			};
			buildConfigurationList = FDA9C5DE183C737C0053362A /* Build configuration list for PBXProject "ScrollViewTest" */;
			compatibilityVersion = "Xcode 3.2";
			developmentRegion = English;
			hasScannedForEncodings = 0;
			knownRegions = (
				en,
				Base,
			);
			mainGroup = FDA9C5DA183C737C0053362A;
			productRefGroup = FDA9C5E4183C737C0053362A /* Products */;
			projectDirPath = "";
			projectRoot = "";
			targets = (
				FDA9C5E2183C737C0053362A /* ScrollViewTest */,
			);
		};
/* End PBXProject section */

/* Begin PBXResourcesBuildPhase section */
		FDA9C5E1183C737C0053362A /* Resources */ = {
			isa = PBXResourcesBuildPhase;
			buildActionMask = 2147483647;
			files = (
				FDA9C61E183C7CEC0053362A /* MainWindow.xib in Resources */,
				FDA9C5FF183C737C0053362A /* Images.xcassets in Resources */,
				FDA9C620183C80B00053362A /* SVViewController.xib in Resources */,
				FDA9C5F1183C737C0053362A /* InfoPlist.strings in Resources */,
				FDA9C622183C83370053362A /* SVAutoViewController.xib in Resources */,
				FDA9C61C183C74620053362A /* mt-fuji-view.jpg in Resources */,
			);
			runOnlyForDeploymentPostprocessing = 0;
		};
/* End PBXResourcesBuildPhase section */

/* Begin PBXSourcesBuildPhase section */
		FDA9C5DF183C737C0053362A /* Sources */ = {
			isa = PBXSourcesBuildPhase;
			buildActionMask = 2147483647;
			files = (
				FDA9C5FD183C737C0053362A /* SVViewController.m in Sources */,
				FDA9C5F3183C737C0053362A /* main.m in Sources */,
				FDA9C625183C83560053362A /* SVAutoViewController.m in Sources */,
				FDA9C5F7183C737C0053362A /* SVAppDelegate.m in Sources */,
			);
			runOnlyForDeploymentPostprocessing = 0;
		};
/* End PBXSourcesBuildPhase section */

/* Begin PBXVariantGroup section */
		FDA9C5EF183C737C0053362A /* InfoPlist.strings */ = {
			isa = PBXVariantGroup;
			children = (
				FDA9C5F0183C737C0053362A /* en */,
			);
			name = InfoPlist.strings;
			sourceTree = "<group>";
		};
/* End PBXVariantGroup section */

/* Begin XCBuildConfiguration section */
		FDA9C613183C737D0053362A /* Debug */ = {
			isa = XCBuildConfiguration;
			buildSettings = {
				ALWAYS_SEARCH_USER_PATHS = NO;
				ARCHS = "$(ARCHS_STANDARD_INCLUDING_64_BIT)";
				CLANG_CXX_LANGUAGE_STANDARD = "gnu++0x";
				CLANG_CXX_LIBRARY = "libc++";
				CLANG_ENABLE_MODULES = YES;
				CLANG_ENABLE_OBJC_ARC = YES;
				CLANG_WARN_BOOL_CONVERSION = YES;
				CLANG_WARN_CONSTANT_CONVERSION = YES;
				CLANG_WARN_DIRECT_OBJC_ISA_USAGE = YES_ERROR;
				CLANG_WARN_EMPTY_BODY = YES;
				CLANG_WARN_ENUM_CONVERSION = YES;
				CLANG_WARN_INT_CONVERSION = YES;
				CLANG_WARN_OBJC_ROOT_CLASS = YES_ERROR;
				CLANG_WARN__DUPLICATE_METHOD_MATCH = YES;
				"CODE_SIGN_IDENTITY[sdk=iphoneos*]" = "iPhone Developer";
				COPY_PHASE_STRIP = NO;
				GCC_C_LANGUAGE_STANDARD = gnu99;
				GCC_DYNAMIC_NO_PIC = NO;
				GCC_OPTIMIZATION_LEVEL = 0;
				GCC_PREPROCESSOR_DEFINITIONS = (
					"DEBUG=1",
					"$(inherited)",
				);
				GCC_SYMBOLS_PRIVATE_EXTERN = NO;
				GCC_WARN_64_TO_32_BIT_CONVERSION = YES;
				GCC_WARN_ABOUT_RETURN_TYPE = YES_ERROR;
				GCC_WARN_UNDECLARED_SELECTOR = YES;
				GCC_WARN_UNINITIALIZED_AUTOS = YES;
				GCC_WARN_UNUSED_FUNCTION = YES;
				GCC_WARN_UNUSED_VARIABLE = YES;
				IPHONEOS_DEPLOYMENT_TARGET = 7.0;
				ONLY_ACTIVE_ARCH = YES;
				SDKROOT = iphoneos;
			};
			name = Debug;
		};
		FDA9C614183C737D0053362A /* Release */ = {
			isa = XCBuildConfiguration;
			buildSettings = {
				ALWAYS_SEARCH_USER_PATHS = NO;
				ARCHS = "$(ARCHS_STANDARD_INCLUDING_64_BIT)";
				CLANG_CXX_LANGUAGE_STANDARD = "gnu++0x";
				CLANG_CXX_LIBRARY = "libc++";
				CLANG_ENABLE_MODULES = YES;
				CLANG_ENABLE_OBJC_ARC = YES;
				CLANG_WARN_BOOL_CONVERSION = YES;
				CLANG_WARN_CONSTANT_CONVERSION = YES;
				CLANG_WARN_DIRECT_OBJC_ISA_USAGE = YES_ERROR;
				CLANG_WARN_EMPTY_BODY = YES;
				CLANG_WARN_ENUM_CONVERSION = YES;
				CLANG_WARN_INT_CONVERSION = YES;
				CLANG_WARN_OBJC_ROOT_CLASS = YES_ERROR;
				CLANG_WARN__DUPLICATE_METHOD_MATCH = YES;
				"CODE_SIGN_IDENTITY[sdk=iphoneos*]" = "iPhone Developer";
				COPY_PHASE_STRIP = YES;
				ENABLE_NS_ASSERTIONS = NO;
				GCC_C_LANGUAGE_STANDARD = gnu99;
				GCC_WARN_64_TO_32_BIT_CONVERSION = YES;
				GCC_WARN_ABOUT_RETURN_TYPE = YES_ERROR;
				GCC_WARN_UNDECLARED_SELECTOR = YES;
				GCC_WARN_UNINITIALIZED_AUTOS = YES;
				GCC_WARN_UNUSED_FUNCTION = YES;
				GCC_WARN_UNUSED_VARIABLE = YES;
				IPHONEOS_DEPLOYMENT_TARGET = 7.0;
				SDKROOT = iphoneos;
				VALIDATE_PRODUCT = YES;
			};
			name = Release;
		};
		FDA9C616183C737D0053362A /* Debug */ = {
			isa = XCBuildConfiguration;
			buildSettings = {
				ASSETCATALOG_COMPILER_APPICON_NAME = AppIcon;
				ASSETCATALOG_COMPILER_LAUNCHIMAGE_NAME = LaunchImage;
				GCC_PRECOMPILE_PREFIX_HEADER = YES;
				GCC_PREFIX_HEADER = "ScrollViewTest/ScrollViewTest-Prefix.pch";
				INFOPLIST_FILE = "ScrollViewTest/ScrollViewTest-Info.plist";
				PRODUCT_NAME = "$(TARGET_NAME)";
				WRAPPER_EXTENSION = app;
			};
			name = Debug;
		};
		FDA9C617183C737D0053362A /* Release */ = {
			isa = XCBuildConfiguration;
			buildSettings = {
				ASSETCATALOG_COMPILER_APPICON_NAME = AppIcon;
				ASSETCATALOG_COMPILER_LAUNCHIMAGE_NAME = LaunchImage;
				GCC_PRECOMPILE_PREFIX_HEADER = YES;
				GCC_PREFIX_HEADER = "ScrollViewTest/ScrollViewTest-Prefix.pch";
				INFOPLIST_FILE = "ScrollViewTest/ScrollViewTest-Info.plist";
				PRODUCT_NAME = "$(TARGET_NAME)";
				WRAPPER_EXTENSION = app;
			};
			name = Release;
		};
/* End XCBuildConfiguration section */

/* Begin XCConfigurationList section */
		FDA9C5DE183C737C0053362A /* Build configuration list for PBXProject "ScrollViewTest" */ = {
			isa = XCConfigurationList;
			buildConfigurations = (
				FDA9C613183C737D0053362A /* Debug */,
				FDA9C614183C737D0053362A /* Release */,
			);
			defaultConfigurationIsVisible = 0;
			defaultConfigurationName = Release;
		};
		FDA9C615183C737D0053362A /* Build configuration list for PBXNativeTarget "ScrollViewTest" */ = {
			isa = XCConfigurationList;
			buildConfigurations = (
				FDA9C616183C737D0053362A /* Debug */,
				FDA9C617183C737D0053362A /* Release */,
			);
			defaultConfigurationIsVisible = 0;
			defaultConfigurationName = Release;
		};
/* End XCConfigurationList section */
	};
	rootObject = FDA9C5DB183C737C0053362A /* Project object */;
}
